
Microsoft Visual Studio Solution File, Format Version 12.00
# Visual Studio Version 16
VisualStudioVersion = 16.0.31424.327
MinimumVisualStudioVersion = 10.0.40219.1
Project("{FAE04EC0-301F-11D3-BF4B-00C04F79EFBC}") = "SharpText", "SharpText\SharpText.csproj", "{6E4E7944-6C17-4FCA-BB76-FF951BAF9B76}"
EndProject
Global
	GlobalSection(SolutionConfigurationPlatforms) = preSolution
		Debug|Any CPU = Debug|Any CPU
		Release|Any CPU = Release|Any CPU
	EndGlobalSection
	GlobalSection(ProjectConfigurationPlatforms) = postSolution
		{6E4E7944-6C17-4FCA-BB76-FF951BAF9B76}.Debug|Any CPU.ActiveCfg = Debug|Any CPU
		{6E4E7944-6C17-4FCA-BB76-FF951BAF9B76}.Debug|Any CPU.Build.0 = Debug|Any CPU
		{6E4E7944-6C17-4FCA-BB76-FF951BAF9B76}.Release|Any CPU.ActiveCfg = Release|Any CPU
		{6E4E7944-6C17-4FCA-BB76-FF951BAF9B76}.Release|Any CPU.Build.0 = Release|Any CPU
	EndGlobalSection
	GlobalSection(SolutionProperties) = preSolution
		HideSolutionNode = FALSE
	EndGlobalSection
	GlobalSection(ExtensibilityGlobals) = postSolution
		SolutionGuid = {4B886AA3-6B47-489F-99C4-1226C4B70E44}
	EndGlobalSection
EndGlobal
